
Microsoft Visual Studio Solution File, Format Version 12.00
# Visual Studio Version 16
VisualStudioVersion = 16.0.31624.102
MinimumVisualStudioVersion = 10.0.40219.1
Project("{FAE04EC0-301F-11D3-BF4B-00C04F79EFBC}") = "AlunosApi", "AlunosApi\AlunosApi.csproj", "{095B3772-C02C-4C0B-A1F6-7A6195EC77E8}"
EndProject
Global
	GlobalSection(SolutionConfigurationPlatforms) = preSolution
		Debug|Any CPU = Debug|Any CPU
		Release|Any CPU = Release|Any CPU
	EndGlobalSection
	GlobalSection(ProjectConfigurationPlatforms) = postSolution
		{095B3772-C02C-4C0B-A1F6-7A6195EC77E8}.Debug|Any CPU.ActiveCfg = Debug|Any CPU
		{095B3772-C02C-4C0B-A1F6-7A6195EC77E8}.Debug|Any CPU.Build.0 = Debug|Any CPU
		{095B3772-C02C-4C0B-A1F6-7A6195EC77E8}.Release|Any CPU.ActiveCfg = Release|Any CPU
		{095B3772-C02C-4C0B-A1F6-7A6195EC77E8}.Release|Any CPU.Build.0 = Release|Any CPU
	EndGlobalSection
	GlobalSection(SolutionProperties) = preSolution
		HideSolutionNode = FALSE
	EndGlobalSection
	GlobalSection(ExtensibilityGlobals) = postSolution
		SolutionGuid = {D14862E0-ED4A-4461-B921-352765173F86}
	EndGlobalSection
EndGlobal
